
Microsoft Visual Studio Solution File, Format Version 12.00
# Visual Studio 15
VisualStudioVersion = 15.0.27703.2026
MinimumVisualStudioVersion = 10.0.40219.1
Project("{FAE04EC0-301F-11D3-BF4B-00C04F79EFBC}") = "Huobi.Net.ConsoleClient", "Huobi.Net.ConsoleClient\Huobi.Net.ConsoleClient.csproj", "{4CA4FBD0-B663-4048-A3A5-598EB4EF450C}"
EndProject
Global
	GlobalSection(SolutionConfigurationPlatforms) = preSolution
		Debug|Any CPU = Debug|Any CPU
		Release|Any CPU = Release|Any CPU
	EndGlobalSection
	GlobalSection(ProjectConfigurationPlatforms) = postSolution
		{4CA4FBD0-B663-4048-A3A5-598EB4EF450C}.Debug|Any CPU.ActiveCfg = Debug|Any CPU
		{4CA4FBD0-B663-4048-A3A5-598EB4EF450C}.Debug|Any CPU.Build.0 = Debug|Any CPU
		{4CA4FBD0-B663-4048-A3A5-598EB4EF450C}.Release|Any CPU.ActiveCfg = Release|Any CPU
		{4CA4FBD0-B663-4048-A3A5-598EB4EF450C}.Release|Any CPU.Build.0 = Release|Any CPU
	EndGlobalSection
	GlobalSection(SolutionProperties) = preSolution
		HideSolutionNode = FALSE
	EndGlobalSection
	GlobalSection(ExtensibilityGlobals) = postSolution
		SolutionGuid = {5AC022BA-12CE-4DB0-83A1-436B4D890786}
	EndGlobalSection
EndGlobal
